cleaning:
  cmd: jupyter nbconvert --execute --clear-output data_cleaning.ipynb
  deps:
  - path: data_cleaning.ipynb
    md5: 03e106f767d103e095822cee0c8a31b0
    size: 2880
  - path: datasets/raw.csv
    md5: f147942c91d00d754503775341d13682
    size: 987712
  params:
    params.yaml:
      processed_dataset_path: datasets/processed.csv
      raw_dataset_path: datasets/raw.csv
  outs:
  - path: datasets/processed.csv
    md5: bc0cf20d2802c1d9edb991891849b8e0
    size: 1564810
train_validation_split:
  cmd: jupyter nbconvert --execute --clear-output train_validation_split.ipynb
  deps:
  - path: datasets/processed.csv
    md5: bc0cf20d2802c1d9edb991891849b8e0
    size: 1564810
  - path: train_validation_split.ipynb
    md5: 961ebf593cc68b1f3eefd7e042d58d5f
    size: 2009
  params:
    params.yaml:
      processed_dataset_path: datasets/processed.csv
      train_X_dataset_path: datasets/train_X.csv
      train_y_dataset_path: datasets/train_y.csv
      validation_X_dataset_path: datasets/validation_X.csv
      validation_y_dataset_path: datasets/validation_y.csv
  outs:
  - path: datasets/train_X.csv
    md5: f981bce2d0943b9d3e401cad426af023
    size: 1238646
  - path: datasets/train_y.csv
    md5: be0a2060ecf228dea4189d745c933154
    size: 12103
  - path: datasets/validation_X.csv
    md5: 0d4fe5f19995715463ec12d0ee60e57e
    size: 311127
  - path: datasets/validation_y.csv
    md5: a7be3a656c6acae8b6eb6f4d1374d26d
    size: 3033
train_model:
  cmd: jupyter nbconvert --execute --clear-output train_model.ipynb
  deps:
  - path: datasets/train_X.csv
    md5: f981bce2d0943b9d3e401cad426af023
    size: 1238646
  - path: datasets/train_y.csv
    md5: be0a2060ecf228dea4189d745c933154
    size: 12103
  - path: train_model.ipynb
    md5: 06b21deac557a34c8c9bd738cb7321a8
    size: 2183
  params:
    params.yaml:
      model_path: artifacts/model.joblib
      train_X_dataset_path: datasets/train_X.csv
      train_predictions_path: datasets/train_predictions.csv
      train_y_dataset_path: datasets/train_y.csv
  outs:
  - path: artifacts/model.joblib
    md5: e28dd942d52f5bcfd1ed61894163437c
    size: 624450
  - path: datasets/train_predictions.csv
    md5: 47708a478183f0e41ff5eed6f7e12e73
    size: 12098
predict:
  cmd: jupyter nbconvert --execute --clear-output predict_validation.ipynb
  deps:
  - path: artifacts/model.joblib
    md5: e28dd942d52f5bcfd1ed61894163437c
    size: 624450
  - path: datasets/validation_X.csv
    md5: 0d4fe5f19995715463ec12d0ee60e57e
    size: 311127
  - path: predict_validation.ipynb
    md5: 06516123653f38e06d8e0404e1b9081e
    size: 1470
  params:
    params.yaml:
      model_path: artifacts/model.joblib
      validation_X_dataset_path: datasets/validation_X.csv
      validation_predictions_path: datasets/validation_predictions.csv
  outs:
  - path: datasets/validation_predictions.csv
    md5: c9e790e12eb81e2a3cb5151ca4e02922
    size: 3028
evaluate:
  cmd: jupyter nbconvert --execute --clear-output evaluate.ipynb
  deps:
  - path: datasets/train_predictions.csv
    md5: 47708a478183f0e41ff5eed6f7e12e73
    size: 12098
  - path: datasets/train_y.csv
    md5: be0a2060ecf228dea4189d745c933154
    size: 12103
  - path: datasets/validation_predictions.csv
    md5: c9e790e12eb81e2a3cb5151ca4e02922
    size: 3028
  - path: datasets/validation_y.csv
    md5: a7be3a656c6acae8b6eb6f4d1374d26d
    size: 3033
  - path: evaluate.ipynb
    md5: 8f9990ab1952941805613520608480a2
    size: 2555
  params:
    params.yaml:
      train_predictions_path: datasets/train_predictions.csv
      train_y_dataset_path: datasets/train_y.csv
      validation_predictions_path: datasets/validation_predictions.csv
      validation_y_dataset_path: datasets/validation_y.csv
